
Microsoft Visual Studio Solution File, Format Version 12.00
# Visual Studio Version 16
VisualStudioVersion = 16.0.31205.134
MinimumVisualStudioVersion = 10.0.40219.1
Project("{FAE04EC0-301F-11D3-BF4B-00C04F79EFBC}") = "AthenaApp.Android", "AthenaApp.Android\AthenaApp.Android.csproj", "{E696EFD0-77DF-45BD-A72B-A642C492B472}"
EndProject
Project("{FAE04EC0-301F-11D3-BF4B-00C04F79EFBC}") = "AthenaApp.iOS", "AthenaApp.iOS\AthenaApp.iOS.csproj", "{C47E1132-5EDF-4F6D-82C0-A81D1457AFED}"
EndProject
Project("{9A19103F-16F7-4668-BE54-9A1E7A4F7556}") = "AthenaApp", "AthenaApp\AthenaApp.csproj", "{8B06F1C2-F39E-4A65-AF5B-ECBC8039D0FF}"
EndProject
Project("{9A19103F-16F7-4668-BE54-9A1E7A4F7556}") = "AthenaWebApp", "AthenaWebApp\AthenaWebApp.csproj", "{BC8B76D1-07FA-48A1-85BD-2DA696D81707}"
	ProjectSection(ProjectDependencies) = postProject
		{8B06F1C2-F39E-4A65-AF5B-ECBC8039D0FF} = {8B06F1C2-F39E-4A65-AF5B-ECBC8039D0FF}
		{E696EFD0-77DF-45BD-A72B-A642C492B472} = {E696EFD0-77DF-45BD-A72B-A642C492B472}
	EndProjectSection
EndProject
Global
	GlobalSection(SolutionConfigurationPlatforms) = preSolution
		Debug|Any CPU = Debug|Any CPU
		Debug|iPhone = Debug|iPhone
		Debug|iPhoneSimulator = Debug|iPhoneSimulator
		Release|Any CPU = Release|Any CPU
		Release|iPhone = Release|iPhone
		Release|iPhoneSimulator = Release|iPhoneSimulator
	EndGlobalSection
	GlobalSection(ProjectConfigurationPlatforms) = postSolution
		{E696EFD0-77DF-45BD-A72B-A642C492B472}.Debug|Any CPU.ActiveCfg = Debug|Any CPU
		{E696EFD0-77DF-45BD-A72B-A642C492B472}.Debug|Any CPU.Build.0 = Debug|Any CPU
		{E696EFD0-77DF-45BD-A72B-A642C492B472}.Debug|Any CPU.Deploy.0 = Debug|Any CPU
		{E696EFD0-77DF-45BD-A72B-A642C492B472}.Debug|iPhone.ActiveCfg = Debug|Any CPU
		{E696EFD0-77DF-45BD-A72B-A642C492B472}.Debug|iPhone.Build.0 = Debug|Any CPU
		{E696EFD0-77DF-45BD-A72B-A642C492B472}.Debug|iPhone.Deploy.0 = Debug|Any CPU
		{E696EFD0-77DF-45BD-A72B-A642C492B472}.Debug|iPhoneSimulator.ActiveCfg = Debug|Any CPU
		{E696EFD0-77DF-45BD-A72B-A642C492B472}.Debug|iPhoneSimulator.Build.0 = Debug|Any CPU
		{E696EFD0-77DF-45BD-A72B-A642C492B472}.Debug|iPhoneSimulator.Deploy.0 = Debug|Any CPU
		{E696EFD0-77DF-45BD-A72B-A642C492B472}.Release|Any CPU.ActiveCfg = Release|Any CPU
		{E696EFD0-77DF-45BD-A72B-A642C492B472}.Release|Any CPU.Build.0 = Release|Any CPU
		{E696EFD0-77DF-45BD-A72B-A642C492B472}.Release|Any CPU.Deploy.0 = Release|Any CPU
		{E696EFD0-77DF-45BD-A72B-A642C492B472}.Release|iPhone.ActiveCfg = Release|Any CPU
		{E696EFD0-77DF-45BD-A72B-A642C492B472}.Release|iPhone.Build.0 = Release|Any CPU
		{E696EFD0-77DF-45BD-A72B-A642C492B472}.Release|iPhone.Deploy.0 = Release|Any CPU
		{E696EFD0-77DF-45BD-A72B-A642C492B472}.Release|iPhoneSimulator.ActiveCfg = Release|Any CPU
		{E696EFD0-77DF-45BD-A72B-A642C492B472}.Release|iPhoneSimulator.Build.0 = Release|Any CPU
		{E696EFD0-77DF-45BD-A72B-A642C492B472}.Release|iPhoneSimulator.Deploy.0 = Release|Any CPU
		{C47E1132-5EDF-4F6D-82C0-A81D1457AFED}.Debug|Any CPU.ActiveCfg = Debug|iPhone
		{C47E1132-5EDF-4F6D-82C0-A81D1457AFED}.Debug|Any CPU.Build.0 = Debug|iPhone
		{C47E1132-5EDF-4F6D-82C0-A81D1457AFED}.Debug|Any CPU.Deploy.0 = Debug|iPhone
		{C47E1132-5EDF-4F6D-82C0-A81D1457AFED}.Debug|iPhone.ActiveCfg = Debug|iPhone
		{C47E1132-5EDF-4F6D-82C0-A81D1457AFED}.Debug|iPhone.Build.0 = Debug|iPhone
		{C47E1132-5EDF-4F6D-82C0-A81D1457AFED}.Debug|iPhone.Deploy.0 = Debug|iPhone
		{C47E1132-5EDF-4F6D-82C0-A81D1457AFED}.Debug|iPhoneSimulator.ActiveCfg = Debug|iPhoneSimulator
		{C47E1132-5EDF-4F6D-82C0-A81D1457AFED}.Debug|iPhoneSimulator.Build.0 = Debug|iPhoneSimulator
		{C47E1132-5EDF-4F6D-82C0-A81D1457AFED}.Debug|iPhoneSimulator.Deploy.0 = Debug|iPhoneSimulator
		{C47E1132-5EDF-4F6D-82C0-A81D1457AFED}.Release|Any CPU.ActiveCfg = Release|iPhoneSimulator
		{C47E1132-5EDF-4F6D-82C0-A81D1457AFED}.Release|Any CPU.Build.0 = Release|iPhoneSimulator
		{C47E1132-5EDF-4F6D-82C0-A81D1457AFED}.Release|Any CPU.Deploy.0 = Release|iPhoneSimulator
		{C47E1132-5EDF-4F6D-82C0-A81D1457AFED}.Release|iPhone.ActiveCfg = Release|iPhone
		{C47E1132-5EDF-4F6D-82C0-A81D1457AFED}.Release|iPhone.Build.0 = Release|iPhone
		{C47E1132-5EDF-4F6D-82C0-A81D1457AFED}.Release|iPhone.Deploy.0 = Release|iPhone
		{C47E1132-5EDF-4F6D-82C0-A81D1457AFED}.Release|iPhoneSimulator.ActiveCfg = Release|iPhoneSimulator
		{C47E1132-5EDF-4F6D-82C0-A81D1457AFED}.Release|iPhoneSimulator.Build.0 = Release|iPhoneSimulator
		{C47E1132-5EDF-4F6D-82C0-A81D1457AFED}.Release|iPhoneSimulator.Deploy.0 = Release|iPhoneSimulator
		{8B06F1C2-F39E-4A65-AF5B-ECBC8039D0FF}.Debug|Any CPU.ActiveCfg = Debug|Any CPU
		{8B06F1C2-F39E-4A65-AF5B-ECBC8039D0FF}.Debug|Any CPU.Build.0 = Debug|Any CPU
		{8B06F1C2-F39E-4A65-AF5B-ECBC8039D0FF}.Debug|Any CPU.Deploy.0 = Debug|Any CPU
		{8B06F1C2-F39E-4A65-AF5B-ECBC8039D0FF}.Debug|iPhone.ActiveCfg = Debug|Any CPU
		{8B06F1C2-F39E-4A65-AF5B-ECBC8039D0FF}.Debug|iPhone.Build.0 = Debug|Any CPU
		{8B06F1C2-F39E-4A65-AF5B-ECBC8039D0FF}.Debug|iPhone.Deploy.0 = Debug|Any CPU
		{8B06F1C2-F39E-4A65-AF5B-ECBC8039D0FF}.Debug|iPhoneSimulator.ActiveCfg = Debug|Any CPU
		{8B06F1C2-F39E-4A65-AF5B-ECBC8039D0FF}.Debug|iPhoneSimulator.Build.0 = Debug|Any CPU
		{8B06F1C2-F39E-4A65-AF5B-ECBC8039D0FF}.Debug|iPhoneSimulator.Deploy.0 = Debug|Any CPU
		{8B06F1C2-F39E-4A65-AF5B-ECBC8039D0FF}.Release|Any CPU.ActiveCfg = Release|Any CPU
		{8B06F1C2-F39E-4A65-AF5B-ECBC8039D0FF}.Release|Any CPU.Build.0 = Release|Any CPU
		{8B06F1C2-F39E-4A65-AF5B-ECBC8039D0FF}.Release|Any CPU.Deploy.0 = Release|Any CPU
		{8B06F1C2-F39E-4A65-AF5B-ECBC8039D0FF}.Release|iPhone.ActiveCfg = Release|Any CPU
		{8B06F1C2-F39E-4A65-AF5B-ECBC8039D0FF}.Release|iPhone.Build.0 = Release|Any CPU
		{8B06F1C2-F39E-4A65-AF5B-ECBC8039D0FF}.Release|iPhone.Deploy.0 = Release|Any CPU
		{8B06F1C2-F39E-4A65-AF5B-ECBC8039D0FF}.Release|iPhoneSimulator.ActiveCfg = Release|Any CPU
		{8B06F1C2-F39E-4A65-AF5B-ECBC8039D0FF}.Release|iPhoneSimulator.Build.0 = Release|Any CPU
		{8B06F1C2-F39E-4A65-AF5B-ECBC8039D0FF}.Release|iPhoneSimulator.Deploy.0 = Release|Any CPU
		{BC8B76D1-07FA-48A1-85BD-2DA696D81707}.Debug|Any CPU.ActiveCfg = Debug|Any CPU
		{BC8B76D1-07FA-48A1-85BD-2DA696D81707}.Debug|Any CPU.Build.0 = Debug|Any CPU
		{BC8B76D1-07FA-48A1-85BD-2DA696D81707}.Debug|iPhone.ActiveCfg = Debug|Any CPU
		{BC8B76D1-07FA-48A1-85BD-2DA696D81707}.Debug|iPhone.Build.0 = Debug|Any CPU
		{BC8B76D1-07FA-48A1-85BD-2DA696D81707}.Debug|iPhoneSimulator.ActiveCfg = Debug|Any CPU
		{BC8B76D1-07FA-48A1-85BD-2DA696D81707}.Debug|iPhoneSimulator.Build.0 = Debug|Any CPU
		{BC8B76D1-07FA-48A1-85BD-2DA696D81707}.Release|Any CPU.ActiveCfg = Release|Any CPU
		{BC8B76D1-07FA-48A1-85BD-2DA696D81707}.Release|Any CPU.Build.0 = Release|Any CPU
		{BC8B76D1-07FA-48A1-85BD-2DA696D81707}.Release|iPhone.ActiveCfg = Release|Any CPU
		{BC8B76D1-07FA-48A1-85BD-2DA696D81707}.Release|iPhone.Build.0 = Release|Any CPU
		{BC8B76D1-07FA-48A1-85BD-2DA696D81707}.Release|iPhoneSimulator.ActiveCfg = Release|Any CPU
		{BC8B76D1-07FA-48A1-85BD-2DA696D81707}.Release|iPhoneSimulator.Build.0 = Release|Any CPU
	EndGlobalSection
	GlobalSection(SolutionProperties) = preSolution
		HideSolutionNode = FALSE
	EndGlobalSection
	GlobalSection(ExtensibilityGlobals) = postSolution
		SolutionGuid = {D59EF6D3-DAEC-49B1-94EE-7665DDABD724}
	EndGlobalSection
EndGlobal
